
Microsoft Visual Studio Solution File, Format Version 12.00
# Visual Studio 14
VisualStudioVersion = 14.0.25420.1
MinimumVisualStudioVersion = 10.0.40219.1
Project("{FAE04EC0-301F-11D3-BF4B-00C04F79EFBC}") = "WebAPIPractice", "WebAPIPractice\WebAPIPractice.csproj", "{E3CB228A-C0BC-46CB-8D15-EE273A9C7579}"
EndProject
Global
	GlobalSection(SolutionConfigurationPlatforms) = preSolution
		Debug|Any CPU = Debug|Any CPU
		Release|Any CPU = Release|Any CPU
	EndGlobalSection
	GlobalSection(ProjectConfigurationPlatforms) = postSolution
		{E3CB228A-C0BC-46CB-8D15-EE273A9C7579}.Debug|Any CPU.ActiveCfg = Debug|Any CPU
		{E3CB228A-C0BC-46CB-8D15-EE273A9C7579}.Debug|Any CPU.Build.0 = Debug|Any CPU
		{E3CB228A-C0BC-46CB-8D15-EE273A9C7579}.Release|Any CPU.ActiveCfg = Release|Any CPU
		{E3CB228A-C0BC-46CB-8D15-EE273A9C7579}.Release|Any CPU.Build.0 = Release|Any CPU
	EndGlobalSection
	GlobalSection(SolutionProperties) = preSolution
		HideSolutionNode = FALSE
	EndGlobalSection
EndGlobal
